
Microsoft Visual Studio Solution File, Format Version 12.00
# Visual Studio Version 17
VisualStudioVersion = 17.3.32811.315
MinimumVisualStudioVersion = 10.0.40219.1
Project("{9A19103F-16F7-4668-BE54-9A1E7A4F7556}") = "Microsoft.OData.AzureFunctions", "Microsoft.OData.AzureFunctions\Microsoft.OData.AzureFunctions.csproj", "{067BD444-43F4-416B-B880-AED1AD502CA7}"
EndProject
Global
	GlobalSection(SolutionConfigurationPlatforms) = preSolution
		Debug|Any CPU = Debug|Any CPU
		Release|Any CPU = Release|Any CPU
	EndGlobalSection
	GlobalSection(ProjectConfigurationPlatforms) = postSolution
		{067BD444-43F4-416B-B880-AED1AD502CA7}.Debug|Any CPU.ActiveCfg = Debug|Any CPU
		{067BD444-43F4-416B-B880-AED1AD502CA7}.Debug|Any CPU.Build.0 = Debug|Any CPU
		{067BD444-43F4-416B-B880-AED1AD502CA7}.Release|Any CPU.ActiveCfg = Release|Any CPU
		{067BD444-43F4-416B-B880-AED1AD502CA7}.Release|Any CPU.Build.0 = Release|Any CPU
	EndGlobalSection
	GlobalSection(SolutionProperties) = preSolution
		HideSolutionNode = FALSE
	EndGlobalSection
	GlobalSection(ExtensibilityGlobals) = postSolution
		SolutionGuid = {6258008F-AE82-49BD-8E1B-D4A9C4BC98E6}
	EndGlobalSection
EndGlobal
